
Microsoft Visual Studio Solution File, Format Version 12.00
Project("{FAE04EC0-301F-11D3-BF4B-00C04F79EFBC}") = "Day1", "Day1\Day1.csproj", "{DC14460D-FA89-4C70-9F32-69D7588DBFB0}"
EndProject
Project("{FAE04EC0-301F-11D3-BF4B-00C04F79EFBC}") = "Day2", "Day2\Day2.csproj", "{563BC02E-2CF6-4DB2-908C-2AF22D8680EE}"
EndProject
Project("{FAE04EC0-301F-11D3-BF4B-00C04F79EFBC}") = "Day3", "Day3\Day3.csproj", "{C4E54DAC-6BF7-4E6F-9E83-4E1F3665605B}"
EndProject
Project("{FAE04EC0-301F-11D3-BF4B-00C04F79EFBC}") = "Day4", "Day4\Day4.csproj", "{3326CD8E-3F77-4AAC-8DCA-C22A2501CD3F}"
EndProject
Project("{FAE04EC0-301F-11D3-BF4B-00C04F79EFBC}") = "Day5", "Day5\Day5.csproj", "{AE9BF6CC-EA22-4202-861D-E8889ACF8BAB}"
EndProject
Global
	GlobalSection(SolutionConfigurationPlatforms) = preSolution
		Debug|Any CPU = Debug|Any CPU
		Release|Any CPU = Release|Any CPU
	EndGlobalSection
	GlobalSection(ProjectConfigurationPlatforms) = postSolution
		{DC14460D-FA89-4C70-9F32-69D7588DBFB0}.Debug|Any CPU.ActiveCfg = Debug|Any CPU
		{DC14460D-FA89-4C70-9F32-69D7588DBFB0}.Debug|Any CPU.Build.0 = Debug|Any CPU
		{DC14460D-FA89-4C70-9F32-69D7588DBFB0}.Release|Any CPU.ActiveCfg = Release|Any CPU
		{DC14460D-FA89-4C70-9F32-69D7588DBFB0}.Release|Any CPU.Build.0 = Release|Any CPU
		{563BC02E-2CF6-4DB2-908C-2AF22D8680EE}.Debug|Any CPU.ActiveCfg = Debug|Any CPU
		{563BC02E-2CF6-4DB2-908C-2AF22D8680EE}.Debug|Any CPU.Build.0 = Debug|Any CPU
		{563BC02E-2CF6-4DB2-908C-2AF22D8680EE}.Release|Any CPU.ActiveCfg = Release|Any CPU
		{563BC02E-2CF6-4DB2-908C-2AF22D8680EE}.Release|Any CPU.Build.0 = Release|Any CPU
		{C4E54DAC-6BF7-4E6F-9E83-4E1F3665605B}.Debug|Any CPU.ActiveCfg = Debug|Any CPU
		{C4E54DAC-6BF7-4E6F-9E83-4E1F3665605B}.Debug|Any CPU.Build.0 = Debug|Any CPU
		{C4E54DAC-6BF7-4E6F-9E83-4E1F3665605B}.Release|Any CPU.ActiveCfg = Release|Any CPU
		{C4E54DAC-6BF7-4E6F-9E83-4E1F3665605B}.Release|Any CPU.Build.0 = Release|Any CPU
		{3326CD8E-3F77-4AAC-8DCA-C22A2501CD3F}.Debug|Any CPU.ActiveCfg = Debug|Any CPU
		{3326CD8E-3F77-4AAC-8DCA-C22A2501CD3F}.Debug|Any CPU.Build.0 = Debug|Any CPU
		{3326CD8E-3F77-4AAC-8DCA-C22A2501CD3F}.Release|Any CPU.ActiveCfg = Release|Any CPU
		{3326CD8E-3F77-4AAC-8DCA-C22A2501CD3F}.Release|Any CPU.Build.0 = Release|Any CPU
		{AE9BF6CC-EA22-4202-861D-E8889ACF8BAB}.Debug|Any CPU.ActiveCfg = Debug|Any CPU
		{AE9BF6CC-EA22-4202-861D-E8889ACF8BAB}.Debug|Any CPU.Build.0 = Debug|Any CPU
		{AE9BF6CC-EA22-4202-861D-E8889ACF8BAB}.Release|Any CPU.ActiveCfg = Release|Any CPU
		{AE9BF6CC-EA22-4202-861D-E8889ACF8BAB}.Release|Any CPU.Build.0 = Release|Any CPU
	EndGlobalSection
EndGlobal
